<?xml version="1.0" encoding="utf-8"?>
<Project ToolsVersion="4.0" xmlns="http://schemas.microsoft.com/developer/msbuild/2003">
  <ItemGroup>
    <Filter Include="Source Files">
      <UniqueIdentifier>{4FC737F1-C7A5-4376-A066-2A32D752A2FF}</UniqueIdentifier>
      <Extensions>cpp;c;cc;cxx;def;odl;idl;hpj;bat;asm;asmx</Extensions>
    </Filter>
    <Filter Include="Header Files">
      <UniqueIdentifier>{93995380-89BD-4b04-88EB-625FBE52EBFB}</UniqueIdentifier>
      <Extensions>h;hh;hpp;hxx;hm;inl;inc;xsd</Extensions>
    </Filter>
    <Filter Include="Resource Files">
      <UniqueIdentifier>{67DA6AB6-F800-4c08-8B7A-83BB121AAD01}</UniqueIdentifier>
      <Extensions>rc;ico;cur;bmp;dlg;rc2;rct;bin;rgs;gif;jpg;jpeg;jpe;resx;tiff;tif;png;wav;mfcribbon-ms</Extensions>
    </Filter>
  </ItemGroup>
  <ItemGroup>
    <Text Include="ReadMe.txt" />
  </ItemGroup>
  <ItemGroup>
    <ClCompile Include="common.cpp">
      <Filter>Source Files</Filter>
    </ClCompile>
    <ClCompile Include="bytearray.cpp">
      <Filter>Source Files</Filter>
    </ClCompile>
    <ClCompile Include="bytebuffer.cpp">
      <Filter>Source Files</Filter>
    </ClCompile>
    <ClCompile Include="printable.cpp">
      <Filter>Source Files</Filter>
    </ClCompile>
    <ClCompile Include="gcli.cpp">
      <Filter>Source Files</Filter>
    </ClCompile>
    <ClCompile Include="gthread.cpp">
      <Filter>Source Files</Filter>
    </ClCompile>
    <ClCompile Include="PipeIO.cpp">
      <Filter>Source Files</Filter>
    </ClCompile>
    <ClCompile Include="gmonitor.cpp">
      <Filter>Source Files</Filter>
    </ClCompile>
    <ClCompile Include="glogger.cpp">
      <Filter>Source Files</Filter>
    </ClCompile>
  </ItemGroup>
  <ItemGroup>
    <ClInclude Include="bytearray.h">
      <Filter>Header Files</Filter>
    </ClInclude>
    <ClInclude Include="bytebuffer.h">
      <Filter>Header Files</Filter>
    </ClInclude>
    <ClInclude Include="common.h">
      <Filter>Header Files</Filter>
    </ClInclude>
    <ClInclude Include="common_net.h">
      <Filter>Header Files</Filter>
    </ClInclude>
    <ClInclude Include="printable.h">
      <Filter>Header Files</Filter>
    </ClInclude>
    <ClInclude Include="tstream.h">
      <Filter>Header Files</Filter>
    </ClInclude>
    <ClInclude Include="gcli.h">
      <Filter>Header Files</Filter>
    </ClInclude>
    <ClInclude Include="gthread.h">
      <Filter>Header Files</Filter>
    </ClInclude>
    <ClInclude Include="PipeIO.h">
      <Filter>Header Files</Filter>
    </ClInclude>
    <ClInclude Include="gmonitor.h">
      <Filter>Header Files</Filter>
    </ClInclude>
    <ClInclude Include="glogger.h">
      <Filter>Header Files</Filter>
    </ClInclude>
  </ItemGroup>
</Project>